# This file is automatically @generated by Cargo.
# It is not intended for manual editing.
version = 3

[[package]]
name = "ptr-tags"
version = "0.1.0"
dependencies = [
 "thin-ptr",
]

[[package]]
name = "thin-ptr"
version = "0.1.0"
source = "git+https://github.com/RustyYato/thin-ptr.git?branch=main#e7754e03385353c56a5157b79702d1c4e2235633"
